<?xml version="1.0" encoding="UTF-8" standalone="yes" ?>
<CodeBlocks_project_file>
	<FileVersion major="1" minor="6" />
	<Project>
		<Option title="ProjectW" />
		<Option pch_mode="2" />
		<Option compiler="gcc" />
		<Build>
			<Target title="Debug">
				<Option output="../Game/bin_debug/ProjectW" prefix_auto="1" extension_auto="1" />
				<Option working_dir="../Game/bin_debug" />
				<Option object_output="obj/Debug/" />
				<Option type="1" />
				<Option compiler="gcc" />
				<Compiler>
					<Add option="-Wextra" />
					<Add option="-Wall" />
					<Add option="-g" />
					<Add directory="GameTest/Sources/include" />
					<Add directory="PouEngine/include/PouEngine/assets" />
					<Add directory="PouEngine/include/PouEngine/utils" />
					<Add directory="PouEngine/include/PouEngine/scene" />
					<Add directory="GameTest/Sources/include/assets" />
					<Add directory="PouEngine/include/PouEngine/audio" />
					<Add directory="PouEngine/src/assets" />
					<Add directory="PouEngine/include/PouEngine/renderers" />
					<Add directory="PouEngine/include/PouEngine/ui" />
					<Add directory="GameTest/Sources/include/net" />
					<Add directory="PouEngine/include/PouEngine/net" />
					<Add directory="GameTest/Sources/include/states" />
					<Add directory="GameTest/Sources/include/ui" />
					<Add directory="GameTest/Sources/include/world" />
				</Compiler>
			</Target>
			<Target title="Release">
				<Option output="../Game/bin/ProjectW" prefix_auto="1" extension_auto="1" />
				<Option working_dir="../Game/bin" />
				<Option object_output="obj/Release/" />
				<Option type="1" />
				<Option compiler="gcc" />
				<Compiler>
					<Add option="-O2" />
					<Add option="-DNDEBUG" />
					<Add directory="GameTest/Sources/include" />
					<Add directory="PouEngine/include/PouEngine/assets" />
					<Add directory="PouEngine/include/PouEngine/utils" />
					<Add directory="PouEngine/include/PouEngine/scene" />
					<Add directory="GameTest/Sources/include/assets" />
					<Add directory="PouEngine/include/PouEngine/audio" />
					<Add directory="PouEngine/src/assets" />
					<Add directory="PouEngine/include/PouEngine/renderers" />
					<Add directory="PouEngine/include/PouEngine/ui" />
					<Add directory="GameTest/Sources/include/net" />
					<Add directory="PouEngine/include/PouEngine/net" />
					<Add directory="GameTest/Sources/include/states" />
					<Add directory="GameTest/Sources/include/ui" />
					<Add directory="GameTest/Sources/include/world" />
				</Compiler>
				<Linker>
					<Add option="-s" />
				</Linker>
			</Target>
			<Target title="Profile">
				<Option output="../Game/bin/ProjectWProfiled" prefix_auto="1" extension_auto="1" />
				<Option working_dir="../Game/bin" />
				<Option object_output="obj/Release/" />
				<Option type="0" />
				<Option compiler="gcc" />
				<Compiler>
					<Add option="-std=c++14" />
					<Add option="-pg" />
					<Add option="-g" />
					<Add directory="GameTest/Sources/include" />
					<Add directory="PouEngine/include/PouEngine/assets" />
					<Add directory="PouEngine/include/PouEngine/utils" />
					<Add directory="PouEngine/include/PouEngine/scene" />
					<Add directory="GameTest/Sources/include/assets" />
					<Add directory="PouEngine/include/PouEngine/audio" />
					<Add directory="PouEngine/src/assets" />
					<Add directory="PouEngine/include/PouEngine/renderers" />
					<Add directory="PouEngine/include/PouEngine/ui" />
					<Add directory="GameTest/Sources/include/net" />
					<Add directory="PouEngine/include/PouEngine/net" />
					<Add directory="GameTest/Sources/include/states" />
					<Add directory="GameTest/Sources/include/ui" />
					<Add directory="GameTest/Sources/include/world" />
				</Compiler>
				<Linker>
					<Add option="-pg -lgmon" />
				</Linker>
			</Target>
			<Target title="ReleaseWithLayers">
				<Option output="../Game/bin/ProjectW" prefix_auto="1" extension_auto="1" />
				<Option working_dir="../Game/bin" />
				<Option object_output="obj/Release/" />
				<Option type="1" />
				<Option compiler="gcc" />
				<Compiler>
					<Add option="-O2" />
					<Add directory="GameTest/Sources/include" />
					<Add directory="PouEngine/include/PouEngine/assets" />
					<Add directory="PouEngine/include/PouEngine/utils" />
					<Add directory="PouEngine/include/PouEngine/scene" />
					<Add directory="GameTest/Sources/include/assets" />
					<Add directory="PouEngine/include/PouEngine/audio" />
					<Add directory="PouEngine/src/assets" />
					<Add directory="PouEngine/include/PouEngine/renderers" />
					<Add directory="PouEngine/include/PouEngine/ui" />
					<Add directory="GameTest/Sources/include/net" />
					<Add directory="PouEngine/include/PouEngine/net" />
					<Add directory="GameTest/Sources/include/states" />
					<Add directory="GameTest/Sources/include/ui" />
					<Add directory="GameTest/Sources/include/world" />
				</Compiler>
				<Linker>
					<Add option="-s" />
				</Linker>
			</Target>
		</Build>
		<Compiler>
			<Add option="-Wall" />
			<Add option="-std=c17" />
			<Add option="-std=c++1z" />
			<Add option="-fexceptions" />
			<Add option="-D_WIN32" />
			<Add option="-Wno-unknown-pragmas" />
			<Add directory="../../PouEngine/include" />
			<Add directory="GameTest/Sources/include/states" />
			<Add directory="include" />
			<Add directory="../../PouEngine/include/tinyxml" />
			<Add directory="../../PouEngine/include/fmod" />
		</Compiler>
		<Linker>
			<Add library="vulkan-1" />
			<Add library="glfw3dll" />
			<Add library="fmodstudio_vc" />
			<Add library="fmod_vc" />
			<Add library="wsock32" />
			<Add directory="../../PouEngine/libs" />
		</Linker>
		<Unit filename="../../PouEngine/include/CRCpp/CRC.h" />
		<Unit filename="../../PouEngine/include/PouEngine/Types.h" />
		<Unit filename="../../PouEngine/include/PouEngine/assets/Asset.h" />
		<Unit filename="../../PouEngine/include/PouEngine/assets/AssetHandler.h" />
		<Unit filename="../../PouEngine/include/PouEngine/assets/MaterialAsset.h" />
		<Unit filename="../../PouEngine/include/PouEngine/assets/MeshAsset.h" />
		<Unit filename="../../PouEngine/include/PouEngine/assets/MeshesHandler.h" />
		<Unit filename="../../PouEngine/include/PouEngine/assets/SkeletonModelAsset.h" />
		<Unit filename="../../PouEngine/include/PouEngine/assets/SoundAsset.h" />
		<Unit filename="../../PouEngine/include/PouEngine/assets/SoundBankAsset.h" />
		<Unit filename="../../PouEngine/include/PouEngine/assets/SpriteSheetAsset.h" />
		<Unit filename="../../PouEngine/include/PouEngine/assets/TextureAsset.h" />
		<Unit filename="../../PouEngine/include/PouEngine/audio/AbstractAudioImpl.h" />
		<Unit filename="../../PouEngine/include/PouEngine/audio/AudioEngine.h" />
		<Unit filename="../../PouEngine/include/PouEngine/audio/FMODAudioImpl.h" />
		<Unit filename="../../PouEngine/include/PouEngine/core/Config.h" />
		<Unit filename="../../PouEngine/include/PouEngine/core/EventsManager.h" />
		<Unit filename="../../PouEngine/include/PouEngine/core/GameState.h" />
		<Unit filename="../../PouEngine/include/PouEngine/core/NotificationListener.h" />
		<Unit filename="../../PouEngine/include/PouEngine/core/NotificationSender.h" />
		<Unit filename="../../PouEngine/include/PouEngine/core/StatesManager.h" />
		<Unit filename="../../PouEngine/include/PouEngine/core/VApp.h" />
		<Unit filename="../../PouEngine/include/PouEngine/net/AbstractClient.h" />
		<Unit filename="../../PouEngine/include/PouEngine/net/AbstractNetImpl.h" />
		<Unit filename="../../PouEngine/include/PouEngine/net/AbstractServer.h" />
		<Unit filename="../../PouEngine/include/PouEngine/net/NetAddress.h" />
		<Unit filename="../../PouEngine/include/PouEngine/net/NetEngine.h" />
		<Unit filename="../../PouEngine/include/PouEngine/net/NetMessagesFactory.h" />
		<Unit filename="../../PouEngine/include/PouEngine/net/UdpClient.h" />
		<Unit filename="../../PouEngine/include/PouEngine/net/UdpNetImpl.h" />
		<Unit filename="../../PouEngine/include/PouEngine/net/UdpPacketTypes.h" />
		<Unit filename="../../PouEngine/include/PouEngine/net/UdpPacketsExchanger.h" />
		<Unit filename="../../PouEngine/include/PouEngine/net/UdpServer.h" />
		<Unit filename="../../PouEngine/include/PouEngine/net/UdpSocket.h" />
		<Unit filename="../../PouEngine/include/PouEngine/renderers/AbstractRenderer.h" />
		<Unit filename="../../PouEngine/include/PouEngine/renderers/FullRenderPass.h" />
		<Unit filename="../../PouEngine/include/PouEngine/renderers/PBRToolbox.h" />
		<Unit filename="../../PouEngine/include/PouEngine/renderers/RenderGraph.h" />
		<Unit filename="../../PouEngine/include/PouEngine/renderers/RenderView.h" />
		<Unit filename="../../PouEngine/include/PouEngine/renderers/RenderWindow.h" />
		<Unit filename="../../PouEngine/include/PouEngine/renderers/SceneRenderer.h" />
		<Unit filename="../../PouEngine/include/PouEngine/renderers/SceneRenderingData.h" />
		<Unit filename="../../PouEngine/include/PouEngine/renderers/SceneRenderingInstance.h" />
		<Unit filename="../../PouEngine/include/PouEngine/renderers/UiRenderer.h" />
		<Unit filename="../../PouEngine/include/PouEngine/scene/CameraObject.h" />
		<Unit filename="../../PouEngine/include/PouEngine/scene/LightEntity.h" />
		<Unit filename="../../PouEngine/include/PouEngine/scene/MeshEntity.h" />
		<Unit filename="../../PouEngine/include/PouEngine/scene/Scene.h" />
		<Unit filename="../../PouEngine/include/PouEngine/scene/SceneEntity.h" />
		<Unit filename="../../PouEngine/include/PouEngine/scene/SceneNode.h" />
		<Unit filename="../../PouEngine/include/PouEngine/scene/SceneObject.h" />
		<Unit filename="../../PouEngine/include/PouEngine/scene/ShadowCaster.h" />
		<Unit filename="../../PouEngine/include/PouEngine/scene/Skeleton.h" />
		<Unit filename="../../PouEngine/include/PouEngine/scene/SoundObject.h" />
		<Unit filename="../../PouEngine/include/PouEngine/scene/SpriteEntity.h" />
		<Unit filename="../../PouEngine/include/PouEngine/scene/SpriteModel.h" />
		<Unit filename="../../PouEngine/include/PouEngine/ui/RenderableUiElement.h" />
		<Unit filename="../../PouEngine/include/PouEngine/ui/UiElement.h" />
		<Unit filename="../../PouEngine/include/PouEngine/ui/UiPicture.h" />
		<Unit filename="../../PouEngine/include/PouEngine/ui/UiProgressBar.h" />
		<Unit filename="../../PouEngine/include/PouEngine/ui/UserInterface.h" />
		<Unit filename="../../PouEngine/include/PouEngine/utils/Clock.h" />
		<Unit filename="../../PouEngine/include/PouEngine/utils/Hasher.h" />
		<Unit filename="../../PouEngine/include/PouEngine/utils/Logger.h" />
		<Unit filename="../../PouEngine/include/PouEngine/utils/MathTools.h" />
		<Unit filename="../../PouEngine/include/PouEngine/utils/Parser.h" />
		<Unit filename="../../PouEngine/include/PouEngine/utils/Profiler.h" />
		<Unit filename="../../PouEngine/include/PouEngine/utils/ReadStream.h" />
		<Unit filename="../../PouEngine/include/PouEngine/utils/SimpleNode.h" />
		<Unit filename="../../PouEngine/include/PouEngine/utils/Singleton.h" />
		<Unit filename="../../PouEngine/include/PouEngine/utils/SingletonsCleaner.h" />
		<Unit filename="../../PouEngine/include/PouEngine/utils/Stream.h" />
		<Unit filename="../../PouEngine/include/PouEngine/utils/Timer.h" />
		<Unit filename="../../PouEngine/include/PouEngine/utils/WriteStream.h" />
		<Unit filename="../../PouEngine/include/PouEngine/utils/XMLLoader.h" />
		<Unit filename="../../PouEngine/include/PouEngine/vulkanImpl/DynamicUBO.h" />
		<Unit filename="../../PouEngine/include/PouEngine/vulkanImpl/DynamicUBODescriptor.h" />
		<Unit filename="../../PouEngine/include/PouEngine/vulkanImpl/DynamicVBO.h" />
		<Unit filename="../../PouEngine/include/PouEngine/vulkanImpl/VBuffersAllocator.h" />
		<Unit filename="../../PouEngine/include/PouEngine/vulkanImpl/VCommandBuffer.h" />
		<Unit filename="../../PouEngine/include/PouEngine/vulkanImpl/VGraphicsPipeline.h" />
		<Unit filename="../../PouEngine/include/PouEngine/vulkanImpl/VInstance.h" />
		<Unit filename="../../PouEngine/include/PouEngine/vulkanImpl/VMemoryAllocator.h" />
		<Unit filename="../../PouEngine/include/PouEngine/vulkanImpl/VMesh.h" />
		<Unit filename="../../PouEngine/include/PouEngine/vulkanImpl/VRenderPass.h" />
		<Unit filename="../../PouEngine/include/PouEngine/vulkanImpl/VRenderTarget.h" />
		<Unit filename="../../PouEngine/include/PouEngine/vulkanImpl/VTexture.h" />
		<Unit filename="../../PouEngine/include/PouEngine/vulkanImpl/VTexturesManager.h" />
		<Unit filename="../../PouEngine/include/PouEngine/vulkanImpl/VulkanExtProxies.h" />
		<Unit filename="../../PouEngine/include/PouEngine/vulkanImpl/VulkanHelpers.h" />
		<Unit filename="../../PouEngine/include/PouEngine/vulkanImpl/VulkanImpl.h" />
		<Unit filename="../../PouEngine/include/tinyxml/tinystr.h" />
		<Unit filename="../../PouEngine/include/tinyxml/tinyxml.h" />
		<Unit filename="../../PouEngine/libs/tinyxml/tinystr.cpp" />
		<Unit filename="../../PouEngine/libs/tinyxml/tinyxml.cpp" />
		<Unit filename="../../PouEngine/libs/tinyxml/tinyxmlerror.cpp" />
		<Unit filename="../../PouEngine/libs/tinyxml/tinyxmlparser.cpp" />
		<Unit filename="../../PouEngine/shaders/blur.frag" />
		<Unit filename="../../PouEngine/shaders/blur.vert" />
		<Unit filename="../../PouEngine/shaders/deferred/meshDirectShadow.frag" />
		<Unit filename="../../PouEngine/shaders/deferred/meshDirectShadow.vert" />
		<Unit filename="../../PouEngine/shaders/deferred/meshShader.frag" />
		<Unit filename="../../PouEngine/shaders/deferred/meshShader.vert" />
		<Unit filename="../../PouEngine/shaders/deferred/spriteShader.frag" />
		<Unit filename="../../PouEngine/shaders/deferred/spriteShader.vert" />
		<Unit filename="../../PouEngine/shaders/deferred/spriteShadow.frag" />
		<Unit filename="../../PouEngine/shaders/deferred/spriteShadow.vert" />
		<Unit filename="../../PouEngine/shaders/lighting/ambientLighting.frag" />
		<Unit filename="../../PouEngine/shaders/lighting/ambientLighting.vert" />
		<Unit filename="../../PouEngine/shaders/lighting/brdflut.frag" />
		<Unit filename="../../PouEngine/shaders/lighting/brdflut.vert" />
		<Unit filename="../../PouEngine/shaders/lighting/lighting.frag" />
		<Unit filename="../../PouEngine/shaders/lighting/lighting.vert" />
		<Unit filename="../../PouEngine/shaders/lighting/shadowMapBlur.frag" />
		<Unit filename="../../PouEngine/shaders/toneMapping.frag" />
		<Unit filename="../../PouEngine/shaders/toneMapping.vert" />
		<Unit filename="../../PouEngine/src/assets/Asset.cpp" />
		<Unit filename="../../PouEngine/src/assets/AssetHandler.inc" />
		<Unit filename="../../PouEngine/src/assets/MaterialAsset.cpp" />
		<Unit filename="../../PouEngine/src/assets/MeshAsset.cpp" />
		<Unit filename="../../PouEngine/src/assets/MeshesHandler.cpp" />
		<Unit filename="../../PouEngine/src/assets/SkeletonModelAsset.cpp" />
		<Unit filename="../../PouEngine/src/assets/SoundAsset.cpp" />
		<Unit filename="../../PouEngine/src/assets/SoundBankAsset.cpp" />
		<Unit filename="../../PouEngine/src/assets/SpriteSheetAsset.cpp" />
		<Unit filename="../../PouEngine/src/assets/TextureAsset.cpp" />
		<Unit filename="../../PouEngine/src/audio/AudioEngine.cpp" />
		<Unit filename="../../PouEngine/src/audio/FMODAudioImpl.cpp" />
		<Unit filename="../../PouEngine/src/core/Config.cpp" />
		<Unit filename="../../PouEngine/src/core/EventsManager.cpp" />
		<Unit filename="../../PouEngine/src/core/GameState.cpp" />
		<Unit filename="../../PouEngine/src/core/NotificationListener.cpp" />
		<Unit filename="../../PouEngine/src/core/NotificationSender.cpp" />
		<Unit filename="../../PouEngine/src/core/StatesManager.cpp" />
		<Unit filename="../../PouEngine/src/core/VApp.cpp" />
		<Unit filename="../../PouEngine/src/net/AbstractClient.cpp" />
		<Unit filename="../../PouEngine/src/net/AbstractServer.cpp" />
		<Unit filename="../../PouEngine/src/net/NetAddress.cpp" />
		<Unit filename="../../PouEngine/src/net/NetEngine.cpp" />
		<Unit filename="../../PouEngine/src/net/NetMessagesFactory.cpp" />
		<Unit filename="../../PouEngine/src/net/UdpClient.cpp" />
		<Unit filename="../../PouEngine/src/net/UdpNetImpl.cpp" />
		<Unit filename="../../PouEngine/src/net/UdpPacketsExchanger.cpp" />
		<Unit filename="../../PouEngine/src/net/UdpServer.cpp" />
		<Unit filename="../../PouEngine/src/net/UdpSocket.cpp" />
		<Unit filename="../../PouEngine/src/renderers/AbstractRenderer.cpp" />
		<Unit filename="../../PouEngine/src/renderers/FullRenderPass.cpp" />
		<Unit filename="../../PouEngine/src/renderers/PBRToolbox.cpp" />
		<Unit filename="../../PouEngine/src/renderers/RenderGraph.cpp" />
		<Unit filename="../../PouEngine/src/renderers/RenderView.cpp" />
		<Unit filename="../../PouEngine/src/renderers/RenderWindow.cpp" />
		<Unit filename="../../PouEngine/src/renderers/SceneRenderer.cpp" />
		<Unit filename="../../PouEngine/src/renderers/SceneRenderingData.cpp" />
		<Unit filename="../../PouEngine/src/renderers/SceneRenderingInstance.cpp" />
		<Unit filename="../../PouEngine/src/renderers/UiRenderer.cpp" />
		<Unit filename="../../PouEngine/src/scene/CameraObject.cpp" />
		<Unit filename="../../PouEngine/src/scene/LightEntity.cpp" />
		<Unit filename="../../PouEngine/src/scene/MeshEntity.cpp" />
		<Unit filename="../../PouEngine/src/scene/Scene.cpp" />
		<Unit filename="../../PouEngine/src/scene/SceneEntity.cpp" />
		<Unit filename="../../PouEngine/src/scene/SceneNode.cpp" />
		<Unit filename="../../PouEngine/src/scene/SceneObject.cpp" />
		<Unit filename="../../PouEngine/src/scene/ShadowCaster.cpp" />
		<Unit filename="../../PouEngine/src/scene/Skeleton.cpp" />
		<Unit filename="../../PouEngine/src/scene/SoundObject.cpp" />
		<Unit filename="../../PouEngine/src/scene/SpriteEntity.cpp" />
		<Unit filename="../../PouEngine/src/scene/SpriteModel.cpp" />
		<Unit filename="../../PouEngine/src/ui/RenderableUiElement.cpp" />
		<Unit filename="../../PouEngine/src/ui/UiElement.cpp" />
		<Unit filename="../../PouEngine/src/ui/UiPicture.cpp" />
		<Unit filename="../../PouEngine/src/ui/UiProgressBar.cpp" />
		<Unit filename="../../PouEngine/src/ui/UserInterface.cpp" />
		<Unit filename="../../PouEngine/src/utils/Clock.cpp" />
		<Unit filename="../../PouEngine/src/utils/Hasher.cpp" />
		<Unit filename="../../PouEngine/src/utils/Logger.cpp" />
		<Unit filename="../../PouEngine/src/utils/MathTools.cpp" />
		<Unit filename="../../PouEngine/src/utils/Parser.cpp" />
		<Unit filename="../../PouEngine/src/utils/Profiler.cpp" />
		<Unit filename="../../PouEngine/src/utils/ReadStream.cpp" />
		<Unit filename="../../PouEngine/src/utils/SimpleNode.cpp" />
		<Unit filename="../../PouEngine/src/utils/SingletonsCleaner.cpp" />
		<Unit filename="../../PouEngine/src/utils/Stream.cpp" />
		<Unit filename="../../PouEngine/src/utils/Timer.cpp" />
		<Unit filename="../../PouEngine/src/utils/WriteStream.cpp" />
		<Unit filename="../../PouEngine/src/utils/XMLLoader.cpp" />
		<Unit filename="../../PouEngine/src/vulkanImpl/DynamicUBO.cpp" />
		<Unit filename="../../PouEngine/src/vulkanImpl/DynamicUBODescriptor.cpp" />
		<Unit filename="../../PouEngine/src/vulkanImpl/DynamicVBO.inc" />
		<Unit filename="../../PouEngine/src/vulkanImpl/VBuffersAllocator.cpp" />
		<Unit filename="../../PouEngine/src/vulkanImpl/VCommandBuffer.cpp" />
		<Unit filename="../../PouEngine/src/vulkanImpl/VGraphicsPipeline.cpp" />
		<Unit filename="../../PouEngine/src/vulkanImpl/VInstance.cpp" />
		<Unit filename="../../PouEngine/src/vulkanImpl/VMemoryAllocator.cpp" />
		<Unit filename="../../PouEngine/src/vulkanImpl/VMesh.cpp" />
		<Unit filename="../../PouEngine/src/vulkanImpl/VRenderPass.cpp" />
		<Unit filename="../../PouEngine/src/vulkanImpl/VRenderTarget.cpp" />
		<Unit filename="../../PouEngine/src/vulkanImpl/VTexture.cpp" />
		<Unit filename="../../PouEngine/src/vulkanImpl/VTexturesManager.cpp" />
		<Unit filename="../../PouEngine/src/vulkanImpl/VulkanExtProxies.cpp" />
		<Unit filename="../../PouEngine/src/vulkanImpl/VulkanHelpers.cpp" />
		<Unit filename="include/Character.h" />
		<Unit filename="include/Hitbox.h" />
		<Unit filename="include/PlayableCharacter.h" />
		<Unit filename="include/Types.h" />
		<Unit filename="include/assets/CharacterModelAsset.h" />
		<Unit filename="include/assets/ItemModelAsset.h" />
		<Unit filename="include/net/GameClient.h" />
		<Unit filename="include/net/GameServer.h" />
		<Unit filename="include/net/NetMessageTypes.h" />
		<Unit filename="include/states/ClientServerTestingState.h" />
		<Unit filename="include/states/ClientTestingState.h" />
		<Unit filename="include/states/ServerTestingState.h" />
		<Unit filename="include/states/TestingState.h" />
		<Unit filename="include/ui/GameUi.h" />
		<Unit filename="include/world/GameWorld.h" />
		<Unit filename="main.cpp" />
		<Unit filename="src/Character.cpp" />
		<Unit filename="src/Hitbox.cpp" />
		<Unit filename="src/PlayableCharacter.cpp" />
		<Unit filename="src/assets/CharacterModelAsset.cpp" />
		<Unit filename="src/assets/ItemModelAsset.cpp" />
		<Unit filename="src/net/GameClient.cpp" />
		<Unit filename="src/net/GameServer.cpp" />
		<Unit filename="src/states/ClientServerTestingState.cpp" />
		<Unit filename="src/states/ClientTestingState.cpp" />
		<Unit filename="src/states/ServerTestingState.cpp" />
		<Unit filename="src/states/TestingState.cpp" />
		<Unit filename="src/ui/GameUi.cpp" />
		<Unit filename="src/world/GameWorld.cpp" />
		<Extensions />
	</Project>
</CodeBlocks_project_file>
