<?xml version="1.0" encoding="UTF-8" standalone="yes" ?>
<CodeBlocks_project_file>
	<FileVersion major="1" minor="6" />
	<Project>
		<Option title="ProjectW" />
		<Option pch_mode="2" />
		<Option compiler="gcc" />
		<Build>
			<Target title="Debug">
				<Option output="../Game/bin_debug/ProjectW" prefix_auto="1" extension_auto="1" />
				<Option working_dir="../Game/bin_debug" />
				<Option object_output="obj/Debug/" />
				<Option type="1" />
				<Option compiler="gcc" />
				<Compiler>
					<Add option="-Wextra" />
					<Add option="-Wall" />
					<Add option="-g" />
					<Add directory="GameTest/Sources/include" />
					<Add directory="PouEngine/include/PouEngine/assets" />
					<Add directory="PouEngine/include/PouEngine/utils" />
					<Add directory="PouEngine/include/PouEngine/scene" />
					<Add directory="GameTest/Sources/include/assets" />
					<Add directory="PouEngine/include/PouEngine/audio" />
					<Add directory="PouEngine/src/assets" />
					<Add directory="PouEngine/include/PouEngine/renderers" />
					<Add directory="PouEngine/include/PouEngine/ui" />
					<Add directory="GameTest/Sources/include/net" />
					<Add directory="PouEngine/include/PouEngine/net" />
					<Add directory="GameTest/Sources/include/states" />
					<Add directory="GameTest/Sources/include/ui" />
					<Add directory="GameTest/Sources/include/world" />
					<Add directory="GameTest/Sources/include/character" />
					<Add directory="GameTest/Sources/include/ai" />
					<Add directory="PouEngine/include/PouEngine/core" />
					<Add directory="PouEngine/include/PouEngine/tools" />
					<Add directory="GameTest/Sources/include/net/netsyncelements" />
					<Add directory="PouEngine/include/PouEngine/sync" />
					<Add directory="PouEngine/include/PouEngine/text" />
					<Add directory="PouEngine/src/ui" />
					<Add directory="PouEngine/include/PouEngine/physics" />
					<Add directory="GameTest/Sources/include/generators" />
					<Add directory="GameTest/Sources/include/audio" />
					<Add directory="GameTest/Sources/include/sync" />
					<Add directory="PouEngine/include/PouEngine/math" />
				</Compiler>
			</Target>
			<Target title="Release">
				<Option output="../Game/bin/ProjectW" prefix_auto="1" extension_auto="1" />
				<Option working_dir="../Game/bin" />
				<Option object_output="obj/Release/" />
				<Option type="1" />
				<Option compiler="gcc" />
				<Compiler>
					<Add option="-O2" />
					<Add option="-DNDEBUG" />
					<Add directory="GameTest/Sources/include" />
					<Add directory="PouEngine/include/PouEngine/assets" />
					<Add directory="PouEngine/include/PouEngine/utils" />
					<Add directory="PouEngine/include/PouEngine/scene" />
					<Add directory="GameTest/Sources/include/assets" />
					<Add directory="PouEngine/include/PouEngine/audio" />
					<Add directory="PouEngine/src/assets" />
					<Add directory="PouEngine/include/PouEngine/renderers" />
					<Add directory="PouEngine/include/PouEngine/ui" />
					<Add directory="GameTest/Sources/include/net" />
					<Add directory="PouEngine/include/PouEngine/net" />
					<Add directory="GameTest/Sources/include/states" />
					<Add directory="GameTest/Sources/include/ui" />
					<Add directory="GameTest/Sources/include/world" />
					<Add directory="GameTest/Sources/include/character" />
					<Add directory="GameTest/Sources/include/ai" />
					<Add directory="PouEngine/include/PouEngine/core" />
					<Add directory="PouEngine/include/PouEngine/tools" />
					<Add directory="GameTest/Sources/include/net/netsyncelements" />
					<Add directory="PouEngine/include/PouEngine/sync" />
					<Add directory="PouEngine/include/PouEngine/text" />
					<Add directory="PouEngine/src/ui" />
					<Add directory="PouEngine/include/PouEngine/physics" />
					<Add directory="GameTest/Sources/include/generators" />
					<Add directory="GameTest/Sources/include/audio" />
					<Add directory="GameTest/Sources/include/sync" />
					<Add directory="PouEngine/include/PouEngine/math" />
				</Compiler>
				<Linker>
					<Add option="-s" />
				</Linker>
			</Target>
			<Target title="Profile">
				<Option output="../Game/bin/ProjectWProfiled" prefix_auto="1" extension_auto="1" />
				<Option working_dir="../Game/bin" />
				<Option object_output="obj/Release/" />
				<Option type="1" />
				<Option compiler="gcc" />
				<Compiler>
					<Add option="-std=c++14" />
					<Add option="-pg" />
					<Add option="-Og" />
					<Add option="-g" />
					<Add directory="GameTest/Sources/include" />
					<Add directory="PouEngine/include/PouEngine/assets" />
					<Add directory="PouEngine/include/PouEngine/utils" />
					<Add directory="PouEngine/include/PouEngine/scene" />
					<Add directory="GameTest/Sources/include/assets" />
					<Add directory="PouEngine/include/PouEngine/audio" />
					<Add directory="PouEngine/src/assets" />
					<Add directory="PouEngine/include/PouEngine/renderers" />
					<Add directory="PouEngine/include/PouEngine/ui" />
					<Add directory="GameTest/Sources/include/net" />
					<Add directory="PouEngine/include/PouEngine/net" />
					<Add directory="GameTest/Sources/include/states" />
					<Add directory="GameTest/Sources/include/ui" />
					<Add directory="GameTest/Sources/include/world" />
					<Add directory="GameTest/Sources/include/character" />
					<Add directory="GameTest/Sources/include/ai" />
					<Add directory="PouEngine/include/PouEngine/core" />
					<Add directory="PouEngine/include/PouEngine/tools" />
					<Add directory="GameTest/Sources/include/net/netsyncelements" />
					<Add directory="PouEngine/include/PouEngine/sync" />
					<Add directory="PouEngine/include/PouEngine/text" />
					<Add directory="PouEngine/src/ui" />
					<Add directory="PouEngine/include/PouEngine/physics" />
					<Add directory="GameTest/Sources/include/generators" />
					<Add directory="GameTest/Sources/include/audio" />
					<Add directory="GameTest/Sources/include/sync" />
					<Add directory="PouEngine/include/PouEngine/math" />
				</Compiler>
				<Linker>
					<Add option="-pg -lgmon" />
				</Linker>
			</Target>
			<Target title="ReleaseWithLayers">
				<Option output="../Game/bin/ProjectW" prefix_auto="1" extension_auto="1" />
				<Option working_dir="../Game/bin" />
				<Option object_output="obj/Release/" />
				<Option type="1" />
				<Option compiler="gcc" />
				<Compiler>
					<Add option="-O2" />
					<Add directory="GameTest/Sources/include" />
					<Add directory="PouEngine/include/PouEngine/assets" />
					<Add directory="PouEngine/include/PouEngine/utils" />
					<Add directory="PouEngine/include/PouEngine/scene" />
					<Add directory="GameTest/Sources/include/assets" />
					<Add directory="PouEngine/include/PouEngine/audio" />
					<Add directory="PouEngine/src/assets" />
					<Add directory="PouEngine/include/PouEngine/renderers" />
					<Add directory="PouEngine/include/PouEngine/ui" />
					<Add directory="GameTest/Sources/include/net" />
					<Add directory="PouEngine/include/PouEngine/net" />
					<Add directory="GameTest/Sources/include/states" />
					<Add directory="GameTest/Sources/include/ui" />
					<Add directory="GameTest/Sources/include/world" />
					<Add directory="GameTest/Sources/include/character" />
					<Add directory="GameTest/Sources/include/ai" />
					<Add directory="PouEngine/include/PouEngine/core" />
					<Add directory="PouEngine/include/PouEngine/tools" />
					<Add directory="GameTest/Sources/include/net/netsyncelements" />
					<Add directory="PouEngine/include/PouEngine/sync" />
					<Add directory="PouEngine/include/PouEngine/text" />
					<Add directory="PouEngine/src/ui" />
					<Add directory="PouEngine/include/PouEngine/physics" />
					<Add directory="GameTest/Sources/include/generators" />
					<Add directory="GameTest/Sources/include/audio" />
					<Add directory="GameTest/Sources/include/sync" />
					<Add directory="PouEngine/include/PouEngine/math" />
				</Compiler>
				<Linker>
					<Add option="-s" />
				</Linker>
			</Target>
			<Target title="ServerOnly">
				<Option output="../Game/bin/ProjectW_server" prefix_auto="1" extension_auto="1" />
				<Option working_dir="../Game/bin" />
				<Option object_output="obj/Release/" />
				<Option type="1" />
				<Option compiler="gcc" />
				<Compiler>
					<Add option="-O2" />
					<Add option="-DNDEBUG" />
					<Add option="-DSERVERONLY" />
					<Add directory="GameTest/Sources/include" />
					<Add directory="PouEngine/include/PouEngine/assets" />
					<Add directory="PouEngine/include/PouEngine/utils" />
					<Add directory="PouEngine/include/PouEngine/scene" />
					<Add directory="GameTest/Sources/include/assets" />
					<Add directory="PouEngine/include/PouEngine/audio" />
					<Add directory="PouEngine/src/assets" />
					<Add directory="PouEngine/include/PouEngine/renderers" />
					<Add directory="PouEngine/include/PouEngine/ui" />
					<Add directory="GameTest/Sources/include/net" />
					<Add directory="PouEngine/include/PouEngine/net" />
					<Add directory="GameTest/Sources/include/states" />
					<Add directory="GameTest/Sources/include/ui" />
					<Add directory="GameTest/Sources/include/world" />
					<Add directory="GameTest/Sources/include/character" />
					<Add directory="GameTest/Sources/include/ai" />
					<Add directory="PouEngine/include/PouEngine/core" />
					<Add directory="PouEngine/include/PouEngine/tools" />
					<Add directory="GameTest/Sources/include/net/netsyncelements" />
					<Add directory="PouEngine/include/PouEngine/sync" />
					<Add directory="PouEngine/include/PouEngine/text" />
					<Add directory="PouEngine/src/ui" />
					<Add directory="PouEngine/include/PouEngine/physics" />
					<Add directory="GameTest/Sources/include/generators" />
					<Add directory="GameTest/Sources/include/audio" />
					<Add directory="GameTest/Sources/include/sync" />
					<Add directory="PouEngine/include/PouEngine/math" />
				</Compiler>
				<Linker>
					<Add option="-s" />
				</Linker>
			</Target>
			<Target title="ClientOnly">
				<Option output="../Game/bin/ProjectW_client" prefix_auto="1" extension_auto="1" />
				<Option working_dir="../Game/bin" />
				<Option object_output="obj/Release/" />
				<Option type="1" />
				<Option compiler="gcc" />
				<Compiler>
					<Add option="-O2" />
					<Add option="-DNDEBUG" />
					<Add option="-DCLIENTONLY" />
					<Add directory="GameTest/Sources/include" />
					<Add directory="PouEngine/include/PouEngine/assets" />
					<Add directory="PouEngine/include/PouEngine/utils" />
					<Add directory="PouEngine/include/PouEngine/scene" />
					<Add directory="GameTest/Sources/include/assets" />
					<Add directory="PouEngine/include/PouEngine/audio" />
					<Add directory="PouEngine/src/assets" />
					<Add directory="PouEngine/include/PouEngine/renderers" />
					<Add directory="PouEngine/include/PouEngine/ui" />
					<Add directory="GameTest/Sources/include/net" />
					<Add directory="PouEngine/include/PouEngine/net" />
					<Add directory="GameTest/Sources/include/states" />
					<Add directory="GameTest/Sources/include/ui" />
					<Add directory="GameTest/Sources/include/world" />
					<Add directory="GameTest/Sources/include/character" />
					<Add directory="GameTest/Sources/include/ai" />
					<Add directory="PouEngine/include/PouEngine/core" />
					<Add directory="PouEngine/include/PouEngine/tools" />
					<Add directory="GameTest/Sources/include/net/netsyncelements" />
					<Add directory="PouEngine/include/PouEngine/sync" />
					<Add directory="PouEngine/include/PouEngine/text" />
					<Add directory="PouEngine/src/ui" />
					<Add directory="PouEngine/include/PouEngine/physics" />
					<Add directory="GameTest/Sources/include/generators" />
					<Add directory="GameTest/Sources/include/audio" />
					<Add directory="GameTest/Sources/include/sync" />
					<Add directory="PouEngine/include/PouEngine/math" />
				</Compiler>
				<Linker>
					<Add option="-s" />
				</Linker>
			</Target>
			<Target title="PlayerServer">
				<Option output="../Game/bin/ProjectW_playerServer" prefix_auto="1" extension_auto="1" />
				<Option working_dir="../Game/bin" />
				<Option object_output="obj/Release/" />
				<Option type="1" />
				<Option compiler="gcc" />
				<Compiler>
					<Add option="-O2" />
					<Add option="-DNDEBUG" />
					<Add option="-DPLAYERSERVER" />
					<Add directory="GameTest/Sources/include" />
					<Add directory="PouEngine/src/assets" />
					<Add directory="PouEngine/include/PouEngine/tools" />
					<Add directory="GameTest/Sources/include/net" />
					<Add directory="GameTest/Sources/include/net/netsyncelements" />
					<Add directory="PouEngine/include/PouEngine/net" />
					<Add directory="PouEngine/include/PouEngine/sync" />
					<Add directory="GameTest/Sources/include/world" />
					<Add directory="PouEngine/include/PouEngine/assets" />
					<Add directory="PouEngine/include/PouEngine/text" />
					<Add directory="PouEngine/include/PouEngine/ui" />
					<Add directory="GameTest/Sources/include/states" />
					<Add directory="PouEngine/src/ui" />
					<Add directory="GameTest/Sources/include/character" />
					<Add directory="PouEngine/include/PouEngine/physics" />
					<Add directory="PouEngine/include/PouEngine/scene" />
					<Add directory="GameTest/Sources/include/assets" />
					<Add directory="GameTest/Sources/include/ai" />
					<Add directory="GameTest/Sources/include/generators" />
					<Add directory="GameTest/Sources/include/audio" />
					<Add directory="GameTest/Sources/include/sync" />
					<Add directory="PouEngine/include/PouEngine/math" />
				</Compiler>
				<Linker>
					<Add option="-s" />
				</Linker>
			</Target>
		</Build>
		<Compiler>
			<Add option="-Wall" />
			<Add option="-std=c17" />
			<Add option="-std=c++1z" />
			<Add option="-fexceptions" />
			<Add option="-Wno-unknown-pragmas" />
			<Add option="-D_WIN32" />
			<Add option="-DFT2_BUILD_LIBRARY" />
			<Add option="-DFREETYPE2_STATIC" />
			<Add directory="../../PouEngine/include" />
			<Add directory="GameTest/Sources/include/states" />
			<Add directory="include" />
			<Add directory="../../PouEngine/include/tinyxml" />
			<Add directory="../../PouEngine/include/fmod" />
			<Add directory="../../PouEngine/include/lz4" />
			<Add directory="../../PouEngine/include/freetype" />
		</Compiler>
		<Linker>
			<Add library="vulkan-1" />
			<Add library="glfw3dll" />
			<Add library="fmodstudio_vc" />
			<Add library="fmod_vc" />
			<Add library="wsock32" />
			<Add directory="../../PouEngine/libs" />
		</Linker>
		<Unit filename="../../PouEngine/include/CRCpp/CRC.h" />
		<Unit filename="../../PouEngine/include/PouEngine/Types.h" />
		<Unit filename="../../PouEngine/include/PouEngine/assets/Asset.h" />
		<Unit filename="../../PouEngine/include/PouEngine/assets/AssetHandler.h" />
		<Unit filename="../../PouEngine/include/PouEngine/assets/FontAsset.h" />
		<Unit filename="../../PouEngine/include/PouEngine/assets/MaterialAsset.h" />
		<Unit filename="../../PouEngine/include/PouEngine/assets/MeshAsset.h" />
		<Unit filename="../../PouEngine/include/PouEngine/assets/MeshesHandler.h" />
		<Unit filename="../../PouEngine/include/PouEngine/assets/SkeletonModelAsset.h" />
		<Unit filename="../../PouEngine/include/PouEngine/assets/SoundAsset.h" />
		<Unit filename="../../PouEngine/include/PouEngine/assets/SoundBankAsset.h" />
		<Unit filename="../../PouEngine/include/PouEngine/assets/SpriteSheetAsset.h" />
		<Unit filename="../../PouEngine/include/PouEngine/assets/TextureAsset.h" />
		<Unit filename="../../PouEngine/include/PouEngine/audio/AbstractAudioImpl.h" />
		<Unit filename="../../PouEngine/include/PouEngine/audio/AudioEngine.h" />
		<Unit filename="../../PouEngine/include/PouEngine/audio/FMODAudioImpl.h" />
		<Unit filename="../../PouEngine/include/PouEngine/core/Config.h" />
		<Unit filename="../../PouEngine/include/PouEngine/core/EventsManager.h" />
		<Unit filename="../../PouEngine/include/PouEngine/core/GameState.h" />
		<Unit filename="../../PouEngine/include/PouEngine/core/MessageBus.h" />
		<Unit filename="../../PouEngine/include/PouEngine/core/NotificationListener.h" />
		<Unit filename="../../PouEngine/include/PouEngine/core/NotificationSender.h" />
		<Unit filename="../../PouEngine/include/PouEngine/core/Singleton.h" />
		<Unit filename="../../PouEngine/include/PouEngine/core/SingletonsCleaner.h" />
		<Unit filename="../../PouEngine/include/PouEngine/core/StatesManager.h" />
		<Unit filename="../../PouEngine/include/PouEngine/core/VApp.h" />
		<Unit filename="../../PouEngine/include/PouEngine/math/Graph.h" />
		<Unit filename="../../PouEngine/include/PouEngine/math/TransformComponent.h" />
		<Unit filename="../../PouEngine/include/PouEngine/net/AbstractClient.h" />
		<Unit filename="../../PouEngine/include/PouEngine/net/AbstractNetImpl.h" />
		<Unit filename="../../PouEngine/include/PouEngine/net/AbstractServer.h" />
		<Unit filename="../../PouEngine/include/PouEngine/net/NetAddress.h" />
		<Unit filename="../../PouEngine/include/PouEngine/net/NetEngine.h" />
		<Unit filename="../../PouEngine/include/PouEngine/net/NetMessagesFactory.h" />
		<Unit filename="../../PouEngine/include/PouEngine/net/UdpClient.h" />
		<Unit filename="../../PouEngine/include/PouEngine/net/UdpNetImpl.h" />
		<Unit filename="../../PouEngine/include/PouEngine/net/UdpPacketTypes.h" />
		<Unit filename="../../PouEngine/include/PouEngine/net/UdpPacketsExchanger.h" />
		<Unit filename="../../PouEngine/include/PouEngine/net/UdpServer.h" />
		<Unit filename="../../PouEngine/include/PouEngine/net/UdpSocket.h" />
		<Unit filename="../../PouEngine/include/PouEngine/physics/PhysicsEngine.h" />
		<Unit filename="../../PouEngine/include/PouEngine/renderers/AbstractRenderer.h" />
		<Unit filename="../../PouEngine/include/PouEngine/renderers/FullRenderPass.h" />
		<Unit filename="../../PouEngine/include/PouEngine/renderers/PBRToolbox.h" />
		<Unit filename="../../PouEngine/include/PouEngine/renderers/RenderGraph.h" />
		<Unit filename="../../PouEngine/include/PouEngine/renderers/RenderView.h" />
		<Unit filename="../../PouEngine/include/PouEngine/renderers/RenderWindow.h" />
		<Unit filename="../../PouEngine/include/PouEngine/renderers/SceneRenderer.h" />
		<Unit filename="../../PouEngine/include/PouEngine/renderers/SceneRenderingData.h" />
		<Unit filename="../../PouEngine/include/PouEngine/renderers/SceneRenderingInstance.h" />
		<Unit filename="../../PouEngine/include/PouEngine/renderers/UiRenderer.h" />
		<Unit filename="../../PouEngine/include/PouEngine/scene/CameraObject.h" />
		<Unit filename="../../PouEngine/include/PouEngine/scene/CollisionObject.h" />
		<Unit filename="../../PouEngine/include/PouEngine/scene/LightEntity.h" />
		<Unit filename="../../PouEngine/include/PouEngine/scene/MeshEntity.h" />
		<Unit filename="../../PouEngine/include/PouEngine/scene/Scene.h" />
		<Unit filename="../../PouEngine/include/PouEngine/scene/SceneEntity.h" />
		<Unit filename="../../PouEngine/include/PouEngine/scene/SceneGrid.h" />
		<Unit filename="../../PouEngine/include/PouEngine/scene/SceneNode.h" />
		<Unit filename="../../PouEngine/include/PouEngine/scene/SceneObject.h" />
		<Unit filename="../../PouEngine/include/PouEngine/scene/ShadowCaster.h" />
		<Unit filename="../../PouEngine/include/PouEngine/scene/Skeleton.h" />
		<Unit filename="../../PouEngine/include/PouEngine/scene/SoundObject.h" />
		<Unit filename="../../PouEngine/include/PouEngine/scene/SpriteEntity.h" />
		<Unit filename="../../PouEngine/include/PouEngine/scene/SpriteModel.h" />
		<Unit filename="../../PouEngine/include/PouEngine/sync/AbstractSyncAttribute.h" />
		<Unit filename="../../PouEngine/include/PouEngine/sync/AbstractSyncElement.h" />
		<Unit filename="../../PouEngine/include/PouEngine/sync/BoolSyncElement.h" />
		<Unit filename="../../PouEngine/include/PouEngine/sync/FloatSyncElement.h" />
		<Unit filename="../../PouEngine/include/PouEngine/sync/IntSyncElement.h" />
		<Unit filename="../../PouEngine/include/PouEngine/sync/StringSyncElement.h" />
		<Unit filename="../../PouEngine/include/PouEngine/sync/SyncAttribute.h" />
		<Unit filename="../../PouEngine/include/PouEngine/sync/SyncComponent.h" />
		<Unit filename="../../PouEngine/include/PouEngine/sync/SyncElements.h" />
		<Unit filename="../../PouEngine/include/PouEngine/sync/SyncTimer.h" />
		<Unit filename="../../PouEngine/include/PouEngine/sync/Vec2SyncElement.h" />
		<Unit filename="../../PouEngine/include/PouEngine/sync/Vec3SyncElement.h" />
		<Unit filename="../../PouEngine/include/PouEngine/sync/Vec4SyncElement.h" />
		<Unit filename="../../PouEngine/include/PouEngine/system/Clock.h" />
		<Unit filename="../../PouEngine/include/PouEngine/system/ReadStream.h" />
		<Unit filename="../../PouEngine/include/PouEngine/system/Stream.h" />
		<Unit filename="../../PouEngine/include/PouEngine/system/Timer.h" />
		<Unit filename="../../PouEngine/include/PouEngine/system/WriteStream.h" />
		<Unit filename="../../PouEngine/include/PouEngine/text/AbstractTextImpl.h" />
		<Unit filename="../../PouEngine/include/PouEngine/text/FreeTypeTextImpl.h" />
		<Unit filename="../../PouEngine/include/PouEngine/text/Glyph.h" />
		<Unit filename="../../PouEngine/include/PouEngine/text/TextEngine.h" />
		<Unit filename="../../PouEngine/include/PouEngine/tools/Compressor.h" />
		<Unit filename="../../PouEngine/include/PouEngine/tools/Hasher.h" />
		<Unit filename="../../PouEngine/include/PouEngine/tools/IdAllocator.h" />
		<Unit filename="../../PouEngine/include/PouEngine/tools/IdPtrAllocator.h" />
		<Unit filename="../../PouEngine/include/PouEngine/tools/Logger.h" />
		<Unit filename="../../PouEngine/include/PouEngine/tools/MathTools.h" />
		<Unit filename="../../PouEngine/include/PouEngine/tools/Parser.h" />
		<Unit filename="../../PouEngine/include/PouEngine/tools/Profiler.h" />
		<Unit filename="../../PouEngine/include/PouEngine/tools/RNGesus.h" />
		<Unit filename="../../PouEngine/include/PouEngine/tools/TexturesPacker.h" />
		<Unit filename="../../PouEngine/include/PouEngine/ui/RenderableUiElement.h" />
		<Unit filename="../../PouEngine/include/PouEngine/ui/UiButton.h" />
		<Unit filename="../../PouEngine/include/PouEngine/ui/UiElement.h" />
		<Unit filename="../../PouEngine/include/PouEngine/ui/UiPicture.h" />
		<Unit filename="../../PouEngine/include/PouEngine/ui/UiProgressBar.h" />
		<Unit filename="../../PouEngine/include/PouEngine/ui/UiText.h" />
		<Unit filename="../../PouEngine/include/PouEngine/ui/UiTextInput.h" />
		<Unit filename="../../PouEngine/include/PouEngine/ui/UiToggleButtonsGroup.h" />
		<Unit filename="../../PouEngine/include/PouEngine/ui/UserInterface.h" />
		<Unit filename="../../PouEngine/include/PouEngine/vulkanImpl/DynamicUBO.h" />
		<Unit filename="../../PouEngine/include/PouEngine/vulkanImpl/DynamicUBODescriptor.h" />
		<Unit filename="../../PouEngine/include/PouEngine/vulkanImpl/DynamicVBO.h" />
		<Unit filename="../../PouEngine/include/PouEngine/vulkanImpl/VBuffersAllocator.h" />
		<Unit filename="../../PouEngine/include/PouEngine/vulkanImpl/VCommandBuffer.h" />
		<Unit filename="../../PouEngine/include/PouEngine/vulkanImpl/VGraphicsPipeline.h" />
		<Unit filename="../../PouEngine/include/PouEngine/vulkanImpl/VInstance.h" />
		<Unit filename="../../PouEngine/include/PouEngine/vulkanImpl/VMemoryAllocator.h" />
		<Unit filename="../../PouEngine/include/PouEngine/vulkanImpl/VMesh.h" />
		<Unit filename="../../PouEngine/include/PouEngine/vulkanImpl/VRenderPass.h" />
		<Unit filename="../../PouEngine/include/PouEngine/vulkanImpl/VRenderTarget.h" />
		<Unit filename="../../PouEngine/include/PouEngine/vulkanImpl/VTexture.h" />
		<Unit filename="../../PouEngine/include/PouEngine/vulkanImpl/VTexturesManager.h" />
		<Unit filename="../../PouEngine/include/PouEngine/vulkanImpl/VulkanExtProxies.h" />
		<Unit filename="../../PouEngine/include/PouEngine/vulkanImpl/VulkanHelpers.h" />
		<Unit filename="../../PouEngine/include/PouEngine/vulkanImpl/VulkanImpl.h" />
		<Unit filename="../../PouEngine/include/freetype/config/ftconfig.h" />
		<Unit filename="../../PouEngine/include/freetype/config/ftheader.h" />
		<Unit filename="../../PouEngine/include/freetype/config/ftmodule.h" />
		<Unit filename="../../PouEngine/include/freetype/config/ftoption.h" />
		<Unit filename="../../PouEngine/include/freetype/config/ftstdlib.h" />
		<Unit filename="../../PouEngine/include/freetype/freetype.h" />
		<Unit filename="../../PouEngine/include/freetype/ftadvanc.h" />
		<Unit filename="../../PouEngine/include/freetype/ftbbox.h" />
		<Unit filename="../../PouEngine/include/freetype/ftbdf.h" />
		<Unit filename="../../PouEngine/include/freetype/ftbitmap.h" />
		<Unit filename="../../PouEngine/include/freetype/ftbzip2.h" />
		<Unit filename="../../PouEngine/include/freetype/ftcache.h" />
		<Unit filename="../../PouEngine/include/freetype/ftchapters.h" />
		<Unit filename="../../PouEngine/include/freetype/ftcid.h" />
		<Unit filename="../../PouEngine/include/freetype/ftcolor.h" />
		<Unit filename="../../PouEngine/include/freetype/ftdriver.h" />
		<Unit filename="../../PouEngine/include/freetype/fterrdef.h" />
		<Unit filename="../../PouEngine/include/freetype/fterrors.h" />
		<Unit filename="../../PouEngine/include/freetype/ftfntfmt.h" />
		<Unit filename="../../PouEngine/include/freetype/ftgasp.h" />
		<Unit filename="../../PouEngine/include/freetype/ftglyph.h" />
		<Unit filename="../../PouEngine/include/freetype/ftgxval.h" />
		<Unit filename="../../PouEngine/include/freetype/ftgzip.h" />
		<Unit filename="../../PouEngine/include/freetype/ftimage.h" />
		<Unit filename="../../PouEngine/include/freetype/ftincrem.h" />
		<Unit filename="../../PouEngine/include/freetype/ftlcdfil.h" />
		<Unit filename="../../PouEngine/include/freetype/ftlist.h" />
		<Unit filename="../../PouEngine/include/freetype/ftlzw.h" />
		<Unit filename="../../PouEngine/include/freetype/ftmac.h" />
		<Unit filename="../../PouEngine/include/freetype/ftmm.h" />
		<Unit filename="../../PouEngine/include/freetype/ftmodapi.h" />
		<Unit filename="../../PouEngine/include/freetype/ftmoderr.h" />
		<Unit filename="../../PouEngine/include/freetype/ftotval.h" />
		<Unit filename="../../PouEngine/include/freetype/ftoutln.h" />
		<Unit filename="../../PouEngine/include/freetype/ftparams.h" />
		<Unit filename="../../PouEngine/include/freetype/ftpfr.h" />
		<Unit filename="../../PouEngine/include/freetype/ftrender.h" />
		<Unit filename="../../PouEngine/include/freetype/ftsizes.h" />
		<Unit filename="../../PouEngine/include/freetype/ftsnames.h" />
		<Unit filename="../../PouEngine/include/freetype/ftstroke.h" />
		<Unit filename="../../PouEngine/include/freetype/ftsynth.h" />
		<Unit filename="../../PouEngine/include/freetype/ftsystem.h" />
		<Unit filename="../../PouEngine/include/freetype/fttrigon.h" />
		<Unit filename="../../PouEngine/include/freetype/fttypes.h" />
		<Unit filename="../../PouEngine/include/freetype/ftwinfnt.h" />
		<Unit filename="../../PouEngine/include/freetype/internal/autohint.h" />
		<Unit filename="../../PouEngine/include/freetype/internal/cffotypes.h" />
		<Unit filename="../../PouEngine/include/freetype/internal/cfftypes.h" />
		<Unit filename="../../PouEngine/include/freetype/internal/ftcalc.h" />
		<Unit filename="../../PouEngine/include/freetype/internal/ftdebug.h" />
		<Unit filename="../../PouEngine/include/freetype/internal/ftdrv.h" />
		<Unit filename="../../PouEngine/include/freetype/internal/ftgloadr.h" />
		<Unit filename="../../PouEngine/include/freetype/internal/fthash.h" />
		<Unit filename="../../PouEngine/include/freetype/internal/ftmemory.h" />
		<Unit filename="../../PouEngine/include/freetype/internal/ftobjs.h" />
		<Unit filename="../../PouEngine/include/freetype/internal/ftpsprop.h" />
		<Unit filename="../../PouEngine/include/freetype/internal/ftrfork.h" />
		<Unit filename="../../PouEngine/include/freetype/internal/ftserv.h" />
		<Unit filename="../../PouEngine/include/freetype/internal/ftstream.h" />
		<Unit filename="../../PouEngine/include/freetype/internal/fttrace.h" />
		<Unit filename="../../PouEngine/include/freetype/internal/ftvalid.h" />
		<Unit filename="../../PouEngine/include/freetype/internal/internal.h" />
		<Unit filename="../../PouEngine/include/freetype/internal/psaux.h" />
		<Unit filename="../../PouEngine/include/freetype/internal/pshints.h" />
		<Unit filename="../../PouEngine/include/freetype/internal/services/svbdf.h" />
		<Unit filename="../../PouEngine/include/freetype/internal/services/svcfftl.h" />
		<Unit filename="../../PouEngine/include/freetype/internal/services/svcid.h" />
		<Unit filename="../../PouEngine/include/freetype/internal/services/svfntfmt.h" />
		<Unit filename="../../PouEngine/include/freetype/internal/services/svgldict.h" />
		<Unit filename="../../PouEngine/include/freetype/internal/services/svgxval.h" />
		<Unit filename="../../PouEngine/include/freetype/internal/services/svkern.h" />
		<Unit filename="../../PouEngine/include/freetype/internal/services/svmetric.h" />
		<Unit filename="../../PouEngine/include/freetype/internal/services/svmm.h" />
		<Unit filename="../../PouEngine/include/freetype/internal/services/svotval.h" />
		<Unit filename="../../PouEngine/include/freetype/internal/services/svpfr.h" />
		<Unit filename="../../PouEngine/include/freetype/internal/services/svpostnm.h" />
		<Unit filename="../../PouEngine/include/freetype/internal/services/svprop.h" />
		<Unit filename="../../PouEngine/include/freetype/internal/services/svpscmap.h" />
		<Unit filename="../../PouEngine/include/freetype/internal/services/svpsinfo.h" />
		<Unit filename="../../PouEngine/include/freetype/internal/services/svsfnt.h" />
		<Unit filename="../../PouEngine/include/freetype/internal/services/svttcmap.h" />
		<Unit filename="../../PouEngine/include/freetype/internal/services/svtteng.h" />
		<Unit filename="../../PouEngine/include/freetype/internal/services/svttglyf.h" />
		<Unit filename="../../PouEngine/include/freetype/internal/services/svwinfnt.h" />
		<Unit filename="../../PouEngine/include/freetype/internal/sfnt.h" />
		<Unit filename="../../PouEngine/include/freetype/internal/t1types.h" />
		<Unit filename="../../PouEngine/include/freetype/internal/tttypes.h" />
		<Unit filename="../../PouEngine/include/freetype/t1tables.h" />
		<Unit filename="../../PouEngine/include/freetype/ttnameid.h" />
		<Unit filename="../../PouEngine/include/freetype/tttables.h" />
		<Unit filename="../../PouEngine/include/freetype/tttags.h" />
		<Unit filename="../../PouEngine/include/ft2build.h" />
		<Unit filename="../../PouEngine/include/lz4/lz4.h" />
		<Unit filename="../../PouEngine/include/lz4/lz4hc.h" />
		<Unit filename="../../PouEngine/include/tinyxml/tinystr.h" />
		<Unit filename="../../PouEngine/include/tinyxml/tinyxml.h" />
		<Unit filename="../../PouEngine/libs/freetype/autofit/autofit.c">
			<Option compilerVar="CC" />
		</Unit>
		<Unit filename="../../PouEngine/libs/freetype/base/ftbase.c">
			<Option compilerVar="CC" />
		</Unit>
		<Unit filename="../../PouEngine/libs/freetype/base/ftbbox.c">
			<Option compilerVar="CC" />
		</Unit>
		<Unit filename="../../PouEngine/libs/freetype/base/ftbitmap.c">
			<Option compilerVar="CC" />
		</Unit>
		<Unit filename="../../PouEngine/libs/freetype/base/ftdebug.c">
			<Option compilerVar="CC" />
		</Unit>
		<Unit filename="../../PouEngine/libs/freetype/base/ftglyph.c">
			<Option compilerVar="CC" />
		</Unit>
		<Unit filename="../../PouEngine/libs/freetype/base/ftinit.c">
			<Option compilerVar="CC" />
		</Unit>
		<Unit filename="../../PouEngine/libs/freetype/base/ftsystem.c">
			<Option compilerVar="CC" />
		</Unit>
		<Unit filename="../../PouEngine/libs/freetype/gzip/ftgzip.c">
			<Option compilerVar="CC" />
		</Unit>
		<Unit filename="../../PouEngine/libs/freetype/psnames/psnames.c">
			<Option compilerVar="CC" />
		</Unit>
		<Unit filename="../../PouEngine/libs/freetype/raster/raster.c">
			<Option compilerVar="CC" />
		</Unit>
		<Unit filename="../../PouEngine/libs/freetype/sfnt/sfnt.c">
			<Option compilerVar="CC" />
		</Unit>
		<Unit filename="../../PouEngine/libs/freetype/smooth/smooth.c">
			<Option compilerVar="CC" />
		</Unit>
		<Unit filename="../../PouEngine/libs/freetype/truetype/truetype.c">
			<Option compilerVar="CC" />
		</Unit>
		<Unit filename="../../PouEngine/libs/freetype/truetype/ttdriver.h" />
		<Unit filename="../../PouEngine/libs/freetype/truetype/tterrors.h" />
		<Unit filename="../../PouEngine/libs/freetype/truetype/ttgload.h" />
		<Unit filename="../../PouEngine/libs/freetype/truetype/ttgxvar.h" />
		<Unit filename="../../PouEngine/libs/freetype/truetype/ttinterp.h" />
		<Unit filename="../../PouEngine/libs/freetype/truetype/ttobjs.h" />
		<Unit filename="../../PouEngine/libs/freetype/truetype/ttpload.h" />
		<Unit filename="../../PouEngine/libs/freetype/truetype/ttsubpix.h" />
		<Unit filename="../../PouEngine/libs/lz4/lz4.c">
			<Option compilerVar="CC" />
		</Unit>
		<Unit filename="../../PouEngine/libs/lz4/lz4hc.c">
			<Option compilerVar="CC" />
		</Unit>
		<Unit filename="../../PouEngine/libs/tinyxml/tinystr.cpp" />
		<Unit filename="../../PouEngine/libs/tinyxml/tinyxml.cpp" />
		<Unit filename="../../PouEngine/libs/tinyxml/tinyxmlerror.cpp" />
		<Unit filename="../../PouEngine/libs/tinyxml/tinyxmlparser.cpp" />
		<Unit filename="../../PouEngine/shaders/blur.frag" />
		<Unit filename="../../PouEngine/shaders/blur.vert" />
		<Unit filename="../../PouEngine/shaders/deferred/meshDirectShadow.frag" />
		<Unit filename="../../PouEngine/shaders/deferred/meshDirectShadow.vert" />
		<Unit filename="../../PouEngine/shaders/deferred/meshShader.frag" />
		<Unit filename="../../PouEngine/shaders/deferred/meshShader.vert" />
		<Unit filename="../../PouEngine/shaders/deferred/spriteShader.frag" />
		<Unit filename="../../PouEngine/shaders/deferred/spriteShader.vert" />
		<Unit filename="../../PouEngine/shaders/deferred/spriteShadow.frag" />
		<Unit filename="../../PouEngine/shaders/deferred/spriteShadow.vert" />
		<Unit filename="../../PouEngine/shaders/lighting/ambientLighting.frag" />
		<Unit filename="../../PouEngine/shaders/lighting/ambientLighting.vert" />
		<Unit filename="../../PouEngine/shaders/lighting/brdflut.frag" />
		<Unit filename="../../PouEngine/shaders/lighting/brdflut.vert" />
		<Unit filename="../../PouEngine/shaders/lighting/lighting.frag" />
		<Unit filename="../../PouEngine/shaders/lighting/lighting.vert" />
		<Unit filename="../../PouEngine/shaders/lighting/shadowMapBlur.frag" />
		<Unit filename="../../PouEngine/shaders/toneMapping.frag" />
		<Unit filename="../../PouEngine/shaders/toneMapping.vert" />
		<Unit filename="../../PouEngine/src/assets/Asset.cpp" />
		<Unit filename="../../PouEngine/src/assets/AssetHandler.tpp" />
		<Unit filename="../../PouEngine/src/assets/FontAsset.cpp" />
		<Unit filename="../../PouEngine/src/assets/MaterialAsset.cpp" />
		<Unit filename="../../PouEngine/src/assets/MeshAsset.cpp" />
		<Unit filename="../../PouEngine/src/assets/MeshesHandler.cpp" />
		<Unit filename="../../PouEngine/src/assets/SkeletonModelAsset.cpp" />
		<Unit filename="../../PouEngine/src/assets/SoundAsset.cpp" />
		<Unit filename="../../PouEngine/src/assets/SoundBankAsset.cpp" />
		<Unit filename="../../PouEngine/src/assets/SpriteSheetAsset.cpp" />
		<Unit filename="../../PouEngine/src/assets/TextureAsset.cpp" />
		<Unit filename="../../PouEngine/src/audio/AudioEngine.cpp" />
		<Unit filename="../../PouEngine/src/audio/FMODAudioImpl.cpp" />
		<Unit filename="../../PouEngine/src/core/Config.cpp" />
		<Unit filename="../../PouEngine/src/core/EventsManager.cpp" />
		<Unit filename="../../PouEngine/src/core/GameState.cpp" />
		<Unit filename="../../PouEngine/src/core/MessageBus.cpp" />
		<Unit filename="../../PouEngine/src/core/NotificationListener.cpp" />
		<Unit filename="../../PouEngine/src/core/NotificationSender.cpp" />
		<Unit filename="../../PouEngine/src/core/SingletonsCleaner.cpp" />
		<Unit filename="../../PouEngine/src/core/StatesManager.cpp" />
		<Unit filename="../../PouEngine/src/core/VApp.cpp" />
		<Unit filename="../../PouEngine/src/math/Graph.cpp" />
		<Unit filename="../../PouEngine/src/math/TransformComponent.cpp" />
		<Unit filename="../../PouEngine/src/net/AbstractClient.cpp" />
		<Unit filename="../../PouEngine/src/net/AbstractServer.cpp" />
		<Unit filename="../../PouEngine/src/net/NetAddress.cpp" />
		<Unit filename="../../PouEngine/src/net/NetEngine.cpp" />
		<Unit filename="../../PouEngine/src/net/NetMessagesFactory.cpp" />
		<Unit filename="../../PouEngine/src/net/UdpClient.cpp" />
		<Unit filename="../../PouEngine/src/net/UdpNetImpl.cpp" />
		<Unit filename="../../PouEngine/src/net/UdpPacketsExchanger.cpp" />
		<Unit filename="../../PouEngine/src/net/UdpServer.cpp" />
		<Unit filename="../../PouEngine/src/net/UdpSocket.cpp" />
		<Unit filename="../../PouEngine/src/physics/PhysicsEngine.cpp" />
		<Unit filename="../../PouEngine/src/renderers/AbstractRenderer.cpp" />
		<Unit filename="../../PouEngine/src/renderers/FullRenderPass.cpp" />
		<Unit filename="../../PouEngine/src/renderers/PBRToolbox.cpp" />
		<Unit filename="../../PouEngine/src/renderers/RenderGraph.cpp" />
		<Unit filename="../../PouEngine/src/renderers/RenderView.cpp" />
		<Unit filename="../../PouEngine/src/renderers/RenderWindow.cpp" />
		<Unit filename="../../PouEngine/src/renderers/SceneRenderer.cpp" />
		<Unit filename="../../PouEngine/src/renderers/SceneRenderingData.cpp" />
		<Unit filename="../../PouEngine/src/renderers/SceneRenderingInstance.cpp" />
		<Unit filename="../../PouEngine/src/renderers/UiRenderer.cpp" />
		<Unit filename="../../PouEngine/src/scene/CameraObject.cpp" />
		<Unit filename="../../PouEngine/src/scene/CollisionObject.cpp" />
		<Unit filename="../../PouEngine/src/scene/LightEntity.cpp" />
		<Unit filename="../../PouEngine/src/scene/MeshEntity.cpp" />
		<Unit filename="../../PouEngine/src/scene/Scene.cpp" />
		<Unit filename="../../PouEngine/src/scene/SceneEntity.cpp" />
		<Unit filename="../../PouEngine/src/scene/SceneGrid.cpp" />
		<Unit filename="../../PouEngine/src/scene/SceneNode.cpp" />
		<Unit filename="../../PouEngine/src/scene/SceneObject.cpp" />
		<Unit filename="../../PouEngine/src/scene/ShadowCaster.cpp" />
		<Unit filename="../../PouEngine/src/scene/Skeleton.cpp" />
		<Unit filename="../../PouEngine/src/scene/SoundObject.cpp" />
		<Unit filename="../../PouEngine/src/scene/SpriteEntity.cpp" />
		<Unit filename="../../PouEngine/src/scene/SpriteModel.cpp" />
		<Unit filename="../../PouEngine/src/sync/AbstractSyncAttribute.cpp" />
		<Unit filename="../../PouEngine/src/sync/AbstractSyncElement.cpp" />
		<Unit filename="../../PouEngine/src/sync/BoolSyncElement.cpp" />
		<Unit filename="../../PouEngine/src/sync/FloatSyncElement.cpp" />
		<Unit filename="../../PouEngine/src/sync/IntSyncElement.cpp" />
		<Unit filename="../../PouEngine/src/sync/StringSyncElement.cpp" />
		<Unit filename="../../PouEngine/src/sync/SyncAttribute.tpp" />
		<Unit filename="../../PouEngine/src/sync/SyncComponent.cpp" />
		<Unit filename="../../PouEngine/src/sync/SyncTimer.cpp" />
		<Unit filename="../../PouEngine/src/sync/Vec2SyncElement.cpp" />
		<Unit filename="../../PouEngine/src/sync/Vec3SyncElement.cpp" />
		<Unit filename="../../PouEngine/src/sync/Vec4SyncElement.cpp" />
		<Unit filename="../../PouEngine/src/system/Clock.cpp" />
		<Unit filename="../../PouEngine/src/system/ReadStream.cpp" />
		<Unit filename="../../PouEngine/src/system/Stream.cpp" />
		<Unit filename="../../PouEngine/src/system/Timer.cpp" />
		<Unit filename="../../PouEngine/src/system/WriteStream.cpp" />
		<Unit filename="../../PouEngine/src/text/AbstractTextImpl.cpp" />
		<Unit filename="../../PouEngine/src/text/FreeTypeTextImpl.cpp" />
		<Unit filename="../../PouEngine/src/text/Glyph.cpp" />
		<Unit filename="../../PouEngine/src/text/TextEngine.cpp" />
		<Unit filename="../../PouEngine/src/tools/Compressor.cpp" />
		<Unit filename="../../PouEngine/src/tools/Hasher.cpp" />
		<Unit filename="../../PouEngine/src/tools/IdAllocator.tpp" />
		<Unit filename="../../PouEngine/src/tools/IdPtrAllocator.tpp" />
		<Unit filename="../../PouEngine/src/tools/Logger.cpp" />
		<Unit filename="../../PouEngine/src/tools/MathTools.cpp" />
		<Unit filename="../../PouEngine/src/tools/Parser.cpp" />
		<Unit filename="../../PouEngine/src/tools/Profiler.cpp" />
		<Unit filename="../../PouEngine/src/tools/RNGesus.cpp" />
		<Unit filename="../../PouEngine/src/tools/TexturesPacker.cpp" />
		<Unit filename="../../PouEngine/src/ui/RenderableUiElement.cpp" />
		<Unit filename="../../PouEngine/src/ui/UiButton.cpp" />
		<Unit filename="../../PouEngine/src/ui/UiElement.cpp" />
		<Unit filename="../../PouEngine/src/ui/UiPicture.cpp" />
		<Unit filename="../../PouEngine/src/ui/UiProgressBar.cpp" />
		<Unit filename="../../PouEngine/src/ui/UiText.cpp" />
		<Unit filename="../../PouEngine/src/ui/UiTextInput.cpp" />
		<Unit filename="../../PouEngine/src/ui/UiToggleButtonsGroup.cpp" />
		<Unit filename="../../PouEngine/src/ui/UserInterface.cpp" />
		<Unit filename="../../PouEngine/src/vulkanImpl/DynamicUBO.cpp" />
		<Unit filename="../../PouEngine/src/vulkanImpl/DynamicUBODescriptor.cpp" />
		<Unit filename="../../PouEngine/src/vulkanImpl/DynamicVBO.tpp" />
		<Unit filename="../../PouEngine/src/vulkanImpl/VBuffersAllocator.cpp" />
		<Unit filename="../../PouEngine/src/vulkanImpl/VCommandBuffer.cpp" />
		<Unit filename="../../PouEngine/src/vulkanImpl/VGraphicsPipeline.cpp" />
		<Unit filename="../../PouEngine/src/vulkanImpl/VInstance.cpp" />
		<Unit filename="../../PouEngine/src/vulkanImpl/VMemoryAllocator.cpp" />
		<Unit filename="../../PouEngine/src/vulkanImpl/VMesh.cpp" />
		<Unit filename="../../PouEngine/src/vulkanImpl/VRenderPass.cpp" />
		<Unit filename="../../PouEngine/src/vulkanImpl/VRenderTarget.cpp" />
		<Unit filename="../../PouEngine/src/vulkanImpl/VTexture.cpp" />
		<Unit filename="../../PouEngine/src/vulkanImpl/VTexturesManager.cpp" />
		<Unit filename="../../PouEngine/src/vulkanImpl/VulkanExtProxies.cpp" />
		<Unit filename="../../PouEngine/src/vulkanImpl/VulkanHelpers.cpp" />
		<Unit filename="include/Types.h" />
		<Unit filename="include/ai/AiComponent.h" />
		<Unit filename="include/ai/AiScriptedComponent.h" />
		<Unit filename="include/ai/Pathfinder.h" />
		<Unit filename="include/assets/AiScriptModelAsset.h" />
		<Unit filename="include/assets/CharacterModelAsset.h" />
		<Unit filename="include/assets/ItemModelAsset.h" />
		<Unit filename="include/assets/PrefabAsset.h" />
		<Unit filename="include/assets/TerrainLayerModelAsset.h" />
		<Unit filename="include/audio/SoundModel.h" />
		<Unit filename="include/character/Character.h" />
		<Unit filename="include/character/CharacterInput.h" />
		<Unit filename="include/character/CharacterState.h" />
		<Unit filename="include/character/Hitbox.h" />
		<Unit filename="include/character/Player.h" />
		<Unit filename="include/character/PlayerSave.h" />
		<Unit filename="include/generators/PoissonDiskSampler.h" />
		<Unit filename="include/generators/TerrainGenerator.h" />
		<Unit filename="include/generators/TerrainGenerator_PathGraph.h" />
		<Unit filename="include/generators/TerrainGenerator_TileModels.h" />
		<Unit filename="include/generators/WorldGenerator.h" />
		<Unit filename="include/generators/WorldGenerator_Distribution.h" />
		<Unit filename="include/generators/WorldGenerator_SpawnPoint.h" />
		<Unit filename="include/logic/GameData.h" />
		<Unit filename="include/logic/GameMessageTypes.h" />
		<Unit filename="include/net/GameClient.h" />
		<Unit filename="include/net/GameServer.h" />
		<Unit filename="include/net/NetMessageTypes.h" />
		<Unit filename="include/net/SyncElements.h" />
		<Unit filename="include/states/ClientTestingState.h" />
		<Unit filename="include/states/InGameState.h" />
		<Unit filename="include/states/MainMenuState.h" />
		<Unit filename="include/states/PlayerServerTestingState.h" />
		<Unit filename="include/states/ServerTestingState.h" />
		<Unit filename="include/sync/NodeSyncer.h" />
		<Unit filename="include/ui/GameUi.h" />
		<Unit filename="include/world/GameWorld.h" />
		<Unit filename="include/world/GameWorld_Sync.h" />
		<Unit filename="include/world/PrefabInstance.h" />
		<Unit filename="include/world/WorldMesh.h" />
		<Unit filename="include/world/WorldSprite.h" />
		<Unit filename="main.cpp" />
		<Unit filename="src/ai/AiComponent.cpp" />
		<Unit filename="src/ai/AiScriptedComponent.cpp" />
		<Unit filename="src/ai/Pathfinder.cpp" />
		<Unit filename="src/assets/AiScriptModelAsset.cpp" />
		<Unit filename="src/assets/CharacterModelAsset.cpp" />
		<Unit filename="src/assets/ItemModelAsset.cpp" />
		<Unit filename="src/assets/PrefabAsset.cpp" />
		<Unit filename="src/assets/TerrainLayerModelAsset.cpp" />
		<Unit filename="src/audio/SoundModel.cpp" />
		<Unit filename="src/character/Character.cpp" />
		<Unit filename="src/character/CharacterInput.cpp" />
		<Unit filename="src/character/CharacterState.cpp" />
		<Unit filename="src/character/Hitbox.cpp" />
		<Unit filename="src/character/Player.cpp" />
		<Unit filename="src/character/PlayerSave.cpp" />
		<Unit filename="src/generators/PoissonDiskSampler.cpp" />
		<Unit filename="src/generators/TerrainGenerator.cpp" />
		<Unit filename="src/generators/TerrainGenerator_PathGraph.cpp" />
		<Unit filename="src/generators/TerrainGenerator_TileModels.cpp" />
		<Unit filename="src/generators/WorldGenerator.cpp" />
		<Unit filename="src/generators/WorldGenerator_Distribution.cpp" />
		<Unit filename="src/generators/WorldGenerator_SpawnPoint.cpp" />
		<Unit filename="src/logic/GameData.cpp" />
		<Unit filename="src/net/GameClient.cpp" />
		<Unit filename="src/net/GameServer.cpp" />
		<Unit filename="src/net/NetMessageTypes.cpp" />
		<Unit filename="src/states/ClientTestingState.cpp" />
		<Unit filename="src/states/InGameState.cpp" />
		<Unit filename="src/states/MainMenuState.cpp" />
		<Unit filename="src/states/PlayerServerTestingState.cpp" />
		<Unit filename="src/states/ServerTestingState.cpp" />
		<Unit filename="src/sync/NodeSyncer.cpp" />
		<Unit filename="src/ui/GameUi.cpp" />
		<Unit filename="src/world/GameWorld.cpp" />
		<Unit filename="src/world/GameWorld_Generate.cpp" />
		<Unit filename="src/world/GameWorld_Sync.cpp" />
		<Unit filename="src/world/PrefabInstance.cpp" />
		<Unit filename="src/world/WorldMesh.cpp" />
		<Unit filename="src/world/WorldSprite.cpp" />
		<Extensions />
	</Project>
</CodeBlocks_project_file>
